{
	"name": "aws-serverless-swagger-ui",
	"version": "1.0.1",
	"lockfileVersion": 2,
	"requires": true,
	"packages": {
		"": {
			"version": "1.0.1",
			"license": "MIT",
			"dependencies": {
				"swagger-ui-dist": "github:U-nified/swagger-ui-dist"
			}
		},
		"node_modules/swagger-ui-dist": {
			"version": "3.52.2",
			"resolved": "git+ssh://git@github.com/U-nified/swagger-ui-dist.git#5e7d945537aa84d99b7b7828b2f37c312203ae96",
			"license": "Apache-2.0"
		}
	},
	"dependencies": {
		"swagger-ui-dist": {
			"version": "git+ssh://git@github.com/U-nified/swagger-ui-dist.git#5e7d945537aa84d99b7b7828b2f37c312203ae96",
			"from": "swagger-ui-dist@github:U-nified/swagger-ui-dist"
		}
	}
}
