{
	"name": "aws-serverless-swagger-ui",
	"version": "1.0.1",
	"lockfileVersion": 2,
	"requires": true,
	"packages": {
		"": {
			"version": "1.0.1",
			"license": "MIT",
			"dependencies": {
				"swagger-ui-dist": "^3.38.0"
			}
		},
		"node_modules/swagger-ui-dist": {
			"version": "3.52.2",
			"resolved": "https://registry.npmjs.org/swagger-ui-dist/-/swagger-ui-dist-3.52.2.tgz",
			"integrity": "sha512-k6QsJqDxfkMlelFUobIKRggR9y5BPvhr/ok9IUPlpnAQsytCx8SSKtNOFkf+W5yZi1Zh6X8GAz2picmmvZBSIw=="
		}
	},
	"dependencies": {
		"swagger-ui-dist": {
			"version": "3.52.2",
			"resolved": "https://registry.npmjs.org/swagger-ui-dist/-/swagger-ui-dist-3.52.2.tgz",
			"integrity": "sha512-k6QsJqDxfkMlelFUobIKRggR9y5BPvhr/ok9IUPlpnAQsytCx8SSKtNOFkf+W5yZi1Zh6X8GAz2picmmvZBSIw=="
		}
	}
}
